
Microsoft Visual Studio Solution File, Format Version 12.00
# Visual Studio Version 17
VisualStudioVersion = 17.8.34525.116
MinimumVisualStudioVersion = 10.0.40219.1
Project("{FAE04EC0-301F-11D3-BF4B-00C04F79EFBC}") = "API", "API.csproj", "{5577221B-4CF1-494C-A435-F052FFA87FF1}"
EndProject
Project("{FAE04EC0-301F-11D3-BF4B-00C04F79EFBC}") = "Domain", "..\Domain\Domain.csproj", "{4AE64989-F277-4289-8C37-A36ED41EC6A7}"
EndProject
Project("{FAE04EC0-301F-11D3-BF4B-00C04F79EFBC}") = "Infrastructure", "..\Infrastructure\Infrastructure.csproj", "{78299D89-DA00-43AC-97FB-720FD8C74896}"
EndProject
Project("{FAE04EC0-301F-11D3-BF4B-00C04F79EFBC}") = "Application", "..\Application\Application.csproj", "{972C042A-FDB6-46EB-84C7-59678BFC9620}"
EndProject
Global
	GlobalSection(SolutionConfigurationPlatforms) = preSolution
		Debug|Any CPU = Debug|Any CPU
		Release|Any CPU = Release|Any CPU
	EndGlobalSection
	GlobalSection(ProjectConfigurationPlatforms) = postSolution
		{5577221B-4CF1-494C-A435-F052FFA87FF1}.Debug|Any CPU.ActiveCfg = Debug|Any CPU
		{5577221B-4CF1-494C-A435-F052FFA87FF1}.Debug|Any CPU.Build.0 = Debug|Any CPU
		{5577221B-4CF1-494C-A435-F052FFA87FF1}.Release|Any CPU.ActiveCfg = Release|Any CPU
		{5577221B-4CF1-494C-A435-F052FFA87FF1}.Release|Any CPU.Build.0 = Release|Any CPU
		{4AE64989-F277-4289-8C37-A36ED41EC6A7}.Debug|Any CPU.ActiveCfg = Debug|Any CPU
		{4AE64989-F277-4289-8C37-A36ED41EC6A7}.Debug|Any CPU.Build.0 = Debug|Any CPU
		{4AE64989-F277-4289-8C37-A36ED41EC6A7}.Release|Any CPU.ActiveCfg = Release|Any CPU
		{4AE64989-F277-4289-8C37-A36ED41EC6A7}.Release|Any CPU.Build.0 = Release|Any CPU
		{78299D89-DA00-43AC-97FB-720FD8C74896}.Debug|Any CPU.ActiveCfg = Debug|Any CPU
		{78299D89-DA00-43AC-97FB-720FD8C74896}.Debug|Any CPU.Build.0 = Debug|Any CPU
		{78299D89-DA00-43AC-97FB-720FD8C74896}.Release|Any CPU.ActiveCfg = Release|Any CPU
		{78299D89-DA00-43AC-97FB-720FD8C74896}.Release|Any CPU.Build.0 = Release|Any CPU
		{972C042A-FDB6-46EB-84C7-59678BFC9620}.Debug|Any CPU.ActiveCfg = Debug|Any CPU
		{972C042A-FDB6-46EB-84C7-59678BFC9620}.Debug|Any CPU.Build.0 = Debug|Any CPU
		{972C042A-FDB6-46EB-84C7-59678BFC9620}.Release|Any CPU.ActiveCfg = Release|Any CPU
		{972C042A-FDB6-46EB-84C7-59678BFC9620}.Release|Any CPU.Build.0 = Release|Any CPU
	EndGlobalSection
	GlobalSection(SolutionProperties) = preSolution
		HideSolutionNode = FALSE
	EndGlobalSection
	GlobalSection(ExtensibilityGlobals) = postSolution
		SolutionGuid = {628F4EDD-DDD1-4245-B765-4EFD09D8F0B3}
	EndGlobalSection
EndGlobal
